
Microsoft Visual Studio Solution File, Format Version 12.00
# Visual Studio Version 16
VisualStudioVersion = 16.0.29509.3
MinimumVisualStudioVersion = 10.0.40219.1
Project("{FAE04EC0-301F-11D3-BF4B-00C04F79EFBC}") = "StrategicTTT", "StrategicTTT\StrategicTTT.csproj", "{1A1E3494-DD42-4657-8941-295CBC3BE299}"
EndProject
Global
	GlobalSection(SolutionConfigurationPlatforms) = preSolution
		Debug|Any CPU = Debug|Any CPU
		Release|Any CPU = Release|Any CPU
	EndGlobalSection
	GlobalSection(ProjectConfigurationPlatforms) = postSolution
		{1A1E3494-DD42-4657-8941-295CBC3BE299}.Debug|Any CPU.ActiveCfg = Debug|Any CPU
		{1A1E3494-DD42-4657-8941-295CBC3BE299}.Debug|Any CPU.Build.0 = Debug|Any CPU
		{1A1E3494-DD42-4657-8941-295CBC3BE299}.Release|Any CPU.ActiveCfg = Release|Any CPU
		{1A1E3494-DD42-4657-8941-295CBC3BE299}.Release|Any CPU.Build.0 = Release|Any CPU
	EndGlobalSection
	GlobalSection(SolutionProperties) = preSolution
		HideSolutionNode = FALSE
	EndGlobalSection
	GlobalSection(ExtensibilityGlobals) = postSolution
		SolutionGuid = {5ECAE6D1-DFD6-419A-AF12-7B8E6077C626}
	EndGlobalSection
EndGlobal
